
Microsoft Visual Studio Solution File, Format Version 12.00
# Visual Studio 14
VisualStudioVersion = 14.0.25420.1
MinimumVisualStudioVersion = 10.0.40219.1
Project("{2150E333-8FDC-42A3-9474-1A3956D46DE8}") = "src", "src", "{CBA4DF87-25C2-481D-8DE2-0136201A085E}"
EndProject
Project("{2150E333-8FDC-42A3-9474-1A3956D46DE8}") = "Solution Items", "Solution Items", "{7B100634-FC24-4AE2-AD3C-B6766D8968FB}"
	ProjectSection(SolutionItems) = preProject
		global.json = global.json
	EndProjectSection
EndProject
Project("{8BB2217D-0F2D-49D1-97BC-3654ED321F3B}") = "introducao", "src\introducao\introducao.xproj", "{BC1D6801-1401-44C4-85E8-1C9703FC959E}"
EndProject
Global
	GlobalSection(SolutionConfigurationPlatforms) = preSolution
		Debug|Any CPU = Debug|Any CPU
		Release|Any CPU = Release|Any CPU
	EndGlobalSection
	GlobalSection(ProjectConfigurationPlatforms) = postSolution
		{BC1D6801-1401-44C4-85E8-1C9703FC959E}.Debug|Any CPU.ActiveCfg = Debug|Any CPU
		{BC1D6801-1401-44C4-85E8-1C9703FC959E}.Debug|Any CPU.Build.0 = Debug|Any CPU
		{BC1D6801-1401-44C4-85E8-1C9703FC959E}.Release|Any CPU.ActiveCfg = Release|Any CPU
		{BC1D6801-1401-44C4-85E8-1C9703FC959E}.Release|Any CPU.Build.0 = Release|Any CPU
	EndGlobalSection
	GlobalSection(SolutionProperties) = preSolution
		HideSolutionNode = FALSE
	EndGlobalSection
	GlobalSection(NestedProjects) = preSolution
		{BC1D6801-1401-44C4-85E8-1C9703FC959E} = {CBA4DF87-25C2-481D-8DE2-0136201A085E}
	EndGlobalSection
EndGlobal
